
Microsoft Visual Studio Solution File, Format Version 12.00
# Visual Studio 15
VisualStudioVersion = 15.0.27703.2042
MinimumVisualStudioVersion = 10.0.40219.1
Project("{FAE04EC0-301F-11D3-BF4B-00C04F79EFBC}") = "WpfApp1", "WpfApp1\WpfApp1.csproj", "{D7A93567-B8EA-48B8-A614-DC83720F4700}"
EndProject
Global
	GlobalSection(SolutionConfigurationPlatforms) = preSolution
		Debug|Any CPU = Debug|Any CPU
		Release|Any CPU = Release|Any CPU
	EndGlobalSection
	GlobalSection(ProjectConfigurationPlatforms) = postSolution
		{D7A93567-B8EA-48B8-A614-DC83720F4700}.Debug|Any CPU.ActiveCfg = Debug|Any CPU
		{D7A93567-B8EA-48B8-A614-DC83720F4700}.Debug|Any CPU.Build.0 = Debug|Any CPU
		{D7A93567-B8EA-48B8-A614-DC83720F4700}.Release|Any CPU.ActiveCfg = Release|Any CPU
		{D7A93567-B8EA-48B8-A614-DC83720F4700}.Release|Any CPU.Build.0 = Release|Any CPU
	EndGlobalSection
	GlobalSection(SolutionProperties) = preSolution
		HideSolutionNode = FALSE
	EndGlobalSection
	GlobalSection(ExtensibilityGlobals) = postSolution
		SolutionGuid = {AE0FA502-5B9E-483C-81DC-958188487C2B}
	EndGlobalSection
EndGlobal
